
Microsoft Visual Studio Solution File, Format Version 12.00
# Visual Studio 14
VisualStudioVersion = 14.0.25420.1
MinimumVisualStudioVersion = 10.0.40219.1
Project("{FAE04EC0-301F-11D3-BF4B-00C04F79EFBC}") = "PRI-KATALOGOWANIE-PLIKÓW", "PRI-KATALOGOWANIE-PLIKÓW\PRI-KATALOGOWANIE-PLIKÓW.csproj", "{D507B0D5-C336-40F2-96F1-1898A03517FC}"
EndProject
Project("{F088123C-0E9E-452A-89E6-6BA2F21D5CAC}") = "Diagramy", "Diagramy\Diagramy.modelproj", "{EEE2600A-17D6-4C78-839C-A3DEF4B24FF5}"
EndProject
Global
	GlobalSection(SolutionConfigurationPlatforms) = preSolution
		Debug|Any CPU = Debug|Any CPU
		Debug|x64 = Debug|x64
		Debug|x86 = Debug|x86
		Release|Any CPU = Release|Any CPU
		Release|x64 = Release|x64
		Release|x86 = Release|x86
	EndGlobalSection
	GlobalSection(ProjectConfigurationPlatforms) = postSolution
		{D507B0D5-C336-40F2-96F1-1898A03517FC}.Debug|Any CPU.ActiveCfg = Debug|Any CPU
		{D507B0D5-C336-40F2-96F1-1898A03517FC}.Debug|Any CPU.Build.0 = Debug|Any CPU
		{D507B0D5-C336-40F2-96F1-1898A03517FC}.Debug|x64.ActiveCfg = Debug|Any CPU
		{D507B0D5-C336-40F2-96F1-1898A03517FC}.Debug|x64.Build.0 = Debug|Any CPU
		{D507B0D5-C336-40F2-96F1-1898A03517FC}.Debug|x86.ActiveCfg = Debug|Any CPU
		{D507B0D5-C336-40F2-96F1-1898A03517FC}.Debug|x86.Build.0 = Debug|Any CPU
		{D507B0D5-C336-40F2-96F1-1898A03517FC}.Release|Any CPU.ActiveCfg = Release|Any CPU
		{D507B0D5-C336-40F2-96F1-1898A03517FC}.Release|Any CPU.Build.0 = Release|Any CPU
		{D507B0D5-C336-40F2-96F1-1898A03517FC}.Release|x64.ActiveCfg = Release|Any CPU
		{D507B0D5-C336-40F2-96F1-1898A03517FC}.Release|x64.Build.0 = Release|Any CPU
		{D507B0D5-C336-40F2-96F1-1898A03517FC}.Release|x86.ActiveCfg = Release|Any CPU
		{D507B0D5-C336-40F2-96F1-1898A03517FC}.Release|x86.Build.0 = Release|Any CPU
		{EEE2600A-17D6-4C78-839C-A3DEF4B24FF5}.Debug|Any CPU.ActiveCfg = Debug|Any CPU
		{EEE2600A-17D6-4C78-839C-A3DEF4B24FF5}.Debug|Any CPU.Build.0 = Debug|Any CPU
		{EEE2600A-17D6-4C78-839C-A3DEF4B24FF5}.Debug|x64.ActiveCfg = Debug|Any CPU
		{EEE2600A-17D6-4C78-839C-A3DEF4B24FF5}.Debug|x64.Build.0 = Debug|Any CPU
		{EEE2600A-17D6-4C78-839C-A3DEF4B24FF5}.Debug|x86.ActiveCfg = Debug|Any CPU
		{EEE2600A-17D6-4C78-839C-A3DEF4B24FF5}.Debug|x86.Build.0 = Debug|Any CPU
		{EEE2600A-17D6-4C78-839C-A3DEF4B24FF5}.Release|Any CPU.ActiveCfg = Release|Any CPU
		{EEE2600A-17D6-4C78-839C-A3DEF4B24FF5}.Release|Any CPU.Build.0 = Release|Any CPU
		{EEE2600A-17D6-4C78-839C-A3DEF4B24FF5}.Release|x64.ActiveCfg = Release|Any CPU
		{EEE2600A-17D6-4C78-839C-A3DEF4B24FF5}.Release|x64.Build.0 = Release|Any CPU
		{EEE2600A-17D6-4C78-839C-A3DEF4B24FF5}.Release|x86.ActiveCfg = Release|Any CPU
		{EEE2600A-17D6-4C78-839C-A3DEF4B24FF5}.Release|x86.Build.0 = Release|Any CPU
	EndGlobalSection
	GlobalSection(SolutionProperties) = preSolution
		HideSolutionNode = FALSE
	EndGlobalSection
	GlobalSection(ExtensibilityGlobals) = postSolution
		SolutionGuid = {4F4491D9-3D49-44BB-9072-0CA2B5FF6D2C}
	EndGlobalSection
EndGlobal
